
Microsoft Visual Studio Solution File, Format Version 12.00
# Visual Studio 15
VisualStudioVersion = 15.0.28010.2016
MinimumVisualStudioVersion = 10.0.40219.1
Project("{FAE04EC0-301F-11D3-BF4B-00C04F79EFBC}") = "CaducaRest", "CaducaRest\CaducaRest.csproj", "{A62A28AF-F94B-4306-80CB-6D25F451A3B4}"
EndProject
Project("{FAE04EC0-301F-11D3-BF4B-00C04F79EFBC}") = "xUnit.CaducaRest", "xUnit.CaducaRest\xUnit.CaducaRest.csproj", "{976CB792-CD66-4062-8B33-166A0C8830DB}"
EndProject
Global
	GlobalSection(SolutionConfigurationPlatforms) = preSolution
		Debug|Any CPU = Debug|Any CPU
		Release|Any CPU = Release|Any CPU
	EndGlobalSection
	GlobalSection(ProjectConfigurationPlatforms) = postSolution
		{A62A28AF-F94B-4306-80CB-6D25F451A3B4}.Debug|Any CPU.ActiveCfg = Debug|Any CPU
		{A62A28AF-F94B-4306-80CB-6D25F451A3B4}.Debug|Any CPU.Build.0 = Debug|Any CPU
		{A62A28AF-F94B-4306-80CB-6D25F451A3B4}.Release|Any CPU.ActiveCfg = Release|Any CPU
		{A62A28AF-F94B-4306-80CB-6D25F451A3B4}.Release|Any CPU.Build.0 = Release|Any CPU
		{976CB792-CD66-4062-8B33-166A0C8830DB}.Debug|Any CPU.ActiveCfg = Debug|Any CPU
		{976CB792-CD66-4062-8B33-166A0C8830DB}.Debug|Any CPU.Build.0 = Debug|Any CPU
		{976CB792-CD66-4062-8B33-166A0C8830DB}.Release|Any CPU.ActiveCfg = Release|Any CPU
		{976CB792-CD66-4062-8B33-166A0C8830DB}.Release|Any CPU.Build.0 = Release|Any CPU
	EndGlobalSection
	GlobalSection(SolutionProperties) = preSolution
		HideSolutionNode = FALSE
	EndGlobalSection
	GlobalSection(ExtensibilityGlobals) = postSolution
		SolutionGuid = {19CDAC15-77BE-47AF-BB92-82863DBBBF75}
	EndGlobalSection
EndGlobal
